
Microsoft Visual Studio Solution File, Format Version 12.00
# Visual Studio Version 17
VisualStudioVersion = 17.0.31903.59
MinimumVisualStudioVersion = 10.0.40219.1
Project("{FAE04EC0-301F-11D3-BF4B-00C04F79EFBC}") = "API", "API\API.csproj", "{CD8F4B91-E860-4101-8D86-877F4DDAD49A}"
EndProject
Project("{FAE04EC0-301F-11D3-BF4B-00C04F79EFBC}") = "yCore", "yCore\yCore.csproj", "{26B1EE06-C406-4988-8E62-4E02CE7BCB42}"
EndProject
Project("{FAE04EC0-301F-11D3-BF4B-00C04F79EFBC}") = "Infrastructure", "Infrastructure\Infrastructure.csproj", "{7298ED7B-E184-49B6-9204-FC2ECF306F3A}"
EndProject
Global
	GlobalSection(SolutionConfigurationPlatforms) = preSolution
		Debug|Any CPU = Debug|Any CPU
		Release|Any CPU = Release|Any CPU
	EndGlobalSection
	GlobalSection(SolutionProperties) = preSolution
		HideSolutionNode = FALSE
	EndGlobalSection
	GlobalSection(ProjectConfigurationPlatforms) = postSolution
		{CD8F4B91-E860-4101-8D86-877F4DDAD49A}.Debug|Any CPU.ActiveCfg = Debug|Any CPU
		{CD8F4B91-E860-4101-8D86-877F4DDAD49A}.Debug|Any CPU.Build.0 = Debug|Any CPU
		{CD8F4B91-E860-4101-8D86-877F4DDAD49A}.Release|Any CPU.ActiveCfg = Release|Any CPU
		{CD8F4B91-E860-4101-8D86-877F4DDAD49A}.Release|Any CPU.Build.0 = Release|Any CPU
		{26B1EE06-C406-4988-8E62-4E02CE7BCB42}.Debug|Any CPU.ActiveCfg = Debug|Any CPU
		{26B1EE06-C406-4988-8E62-4E02CE7BCB42}.Debug|Any CPU.Build.0 = Debug|Any CPU
		{26B1EE06-C406-4988-8E62-4E02CE7BCB42}.Release|Any CPU.ActiveCfg = Release|Any CPU
		{26B1EE06-C406-4988-8E62-4E02CE7BCB42}.Release|Any CPU.Build.0 = Release|Any CPU
		{7298ED7B-E184-49B6-9204-FC2ECF306F3A}.Debug|Any CPU.ActiveCfg = Debug|Any CPU
		{7298ED7B-E184-49B6-9204-FC2ECF306F3A}.Debug|Any CPU.Build.0 = Debug|Any CPU
		{7298ED7B-E184-49B6-9204-FC2ECF306F3A}.Release|Any CPU.ActiveCfg = Release|Any CPU
		{7298ED7B-E184-49B6-9204-FC2ECF306F3A}.Release|Any CPU.Build.0 = Release|Any CPU
	EndGlobalSection
EndGlobal
